
Microsoft Visual Studio Solution File, Format Version 12.00
# Visual Studio Version 17
VisualStudioVersion = 17.4.33205.214
MinimumVisualStudioVersion = 10.0.40219.1
Project("{FAE04EC0-301F-11D3-BF4B-00C04F79EFBC}") = "Flight_Management_System", "Flight_Management_System\Flight_Management_System.csproj", "{9CA3D17F-DA78-423F-9572-E19854E03690}"
EndProject
Global
	GlobalSection(SolutionConfigurationPlatforms) = preSolution
		Debug|Any CPU = Debug|Any CPU
		Release|Any CPU = Release|Any CPU
	EndGlobalSection
	GlobalSection(ProjectConfigurationPlatforms) = postSolution
		{9CA3D17F-DA78-423F-9572-E19854E03690}.Debug|Any CPU.ActiveCfg = Debug|Any CPU
		{9CA3D17F-DA78-423F-9572-E19854E03690}.Debug|Any CPU.Build.0 = Debug|Any CPU
		{9CA3D17F-DA78-423F-9572-E19854E03690}.Release|Any CPU.ActiveCfg = Release|Any CPU
		{9CA3D17F-DA78-423F-9572-E19854E03690}.Release|Any CPU.Build.0 = Release|Any CPU
	EndGlobalSection
	GlobalSection(SolutionProperties) = preSolution
		HideSolutionNode = FALSE
	EndGlobalSection
	GlobalSection(ExtensibilityGlobals) = postSolution
		SolutionGuid = {19D5B904-BA34-4731-B7A6-1D1EFD52487F}
	EndGlobalSection
EndGlobal
